
Microsoft Visual Studio Solution File, Format Version 12.00
# Visual Studio Version 16
VisualStudioVersion = 16.0.32126.315
MinimumVisualStudioVersion = 10.0.40219.1
Project("{FAE04EC0-301F-11D3-BF4B-00C04F79EFBC}") = "Capa.UI", "GymCodeLife\Capa.UI.csproj", "{474010E3-CFC5-4592-8EFA-868214266C89}"
EndProject
Project("{FAE04EC0-301F-11D3-BF4B-00C04F79EFBC}") = "Capa.Logica", "Capa.Logica\Capa.Logica.csproj", "{ED1A161C-6738-435B-A120-B373B22D41C7}"
EndProject
Project("{FAE04EC0-301F-11D3-BF4B-00C04F79EFBC}") = "Capa.Datos", "Capa.Datos\Capa.Datos.csproj", "{EBA7C004-60A3-4A38-89A2-F2F22B1AFDC8}"
EndProject
Project("{FAE04EC0-301F-11D3-BF4B-00C04F79EFBC}") = "Capa.Interfaces", "Capa.Interfaces\Capa.Interfaces.csproj", "{40EEA9B0-DA0F-4E06-AC11-8833FCA09094}"
EndProject
Project("{FAE04EC0-301F-11D3-BF4B-00C04F79EFBC}") = "Capa.Entidades", "Capa.Entidades\Capa.Entidades.csproj", "{48C216F1-ACCE-470F-BC82-BD17E8468A8A}"
EndProject
Global
	GlobalSection(SolutionConfigurationPlatforms) = preSolution
		Debug|Any CPU = Debug|Any CPU
		Release|Any CPU = Release|Any CPU
	EndGlobalSection
	GlobalSection(ProjectConfigurationPlatforms) = postSolution
		{474010E3-CFC5-4592-8EFA-868214266C89}.Debug|Any CPU.ActiveCfg = Debug|Any CPU
		{474010E3-CFC5-4592-8EFA-868214266C89}.Debug|Any CPU.Build.0 = Debug|Any CPU
		{474010E3-CFC5-4592-8EFA-868214266C89}.Release|Any CPU.ActiveCfg = Release|Any CPU
		{474010E3-CFC5-4592-8EFA-868214266C89}.Release|Any CPU.Build.0 = Release|Any CPU
		{ED1A161C-6738-435B-A120-B373B22D41C7}.Debug|Any CPU.ActiveCfg = Debug|Any CPU
		{ED1A161C-6738-435B-A120-B373B22D41C7}.Debug|Any CPU.Build.0 = Debug|Any CPU
		{ED1A161C-6738-435B-A120-B373B22D41C7}.Release|Any CPU.ActiveCfg = Release|Any CPU
		{ED1A161C-6738-435B-A120-B373B22D41C7}.Release|Any CPU.Build.0 = Release|Any CPU
		{EBA7C004-60A3-4A38-89A2-F2F22B1AFDC8}.Debug|Any CPU.ActiveCfg = Debug|Any CPU
		{EBA7C004-60A3-4A38-89A2-F2F22B1AFDC8}.Debug|Any CPU.Build.0 = Debug|Any CPU
		{EBA7C004-60A3-4A38-89A2-F2F22B1AFDC8}.Release|Any CPU.ActiveCfg = Release|Any CPU
		{EBA7C004-60A3-4A38-89A2-F2F22B1AFDC8}.Release|Any CPU.Build.0 = Release|Any CPU
		{40EEA9B0-DA0F-4E06-AC11-8833FCA09094}.Debug|Any CPU.ActiveCfg = Debug|Any CPU
		{40EEA9B0-DA0F-4E06-AC11-8833FCA09094}.Debug|Any CPU.Build.0 = Debug|Any CPU
		{40EEA9B0-DA0F-4E06-AC11-8833FCA09094}.Release|Any CPU.ActiveCfg = Release|Any CPU
		{40EEA9B0-DA0F-4E06-AC11-8833FCA09094}.Release|Any CPU.Build.0 = Release|Any CPU
		{48C216F1-ACCE-470F-BC82-BD17E8468A8A}.Debug|Any CPU.ActiveCfg = Debug|Any CPU
		{48C216F1-ACCE-470F-BC82-BD17E8468A8A}.Debug|Any CPU.Build.0 = Debug|Any CPU
		{48C216F1-ACCE-470F-BC82-BD17E8468A8A}.Release|Any CPU.ActiveCfg = Release|Any CPU
		{48C216F1-ACCE-470F-BC82-BD17E8468A8A}.Release|Any CPU.Build.0 = Release|Any CPU
	EndGlobalSection
	GlobalSection(SolutionProperties) = preSolution
		HideSolutionNode = FALSE
	EndGlobalSection
	GlobalSection(ExtensibilityGlobals) = postSolution
		SolutionGuid = {AEC80BCD-58C2-44B8-A003-CE7170B6DA25}
	EndGlobalSection
EndGlobal
